
Microsoft Visual Studio Solution File, Format Version 12.00
# Visual Studio Version 17
VisualStudioVersion = 17.0.32112.339
MinimumVisualStudioVersion = 10.0.40219.1
Project("{9A19103F-16F7-4668-BE54-9A1E7A4F7556}") = "AutoMapper.AspNetCore.OData.EFCore", "AutoMapper.AspNetCore.OData.EFCore\AutoMapper.AspNetCore.OData.EFCore.csproj", "{8E4C661E-C58A-4515-9CBF-F58D9D6E941D}"
EndProject
Project("{2150E333-8FDC-42A3-9474-1A3956D46DE8}") = "src", "src", "{0574DFF6-39C8-43E6-8E91-92D03699BF35}"
EndProject
Project("{2150E333-8FDC-42A3-9474-1A3956D46DE8}") = "tests", "tests", "{3E35C7A6-722E-46FE-AFE0-2EFDF668DB44}"
EndProject
Project("{9A19103F-16F7-4668-BE54-9A1E7A4F7556}") = "AutoMapper.OData.EFCore.Tests", "AutoMapper.OData.EFCore.Tests\AutoMapper.OData.EFCore.Tests.csproj", "{D1622176-4A8A-423B-9A74-8AD482659D01}"
EndProject
Project("{9A19103F-16F7-4668-BE54-9A1E7A4F7556}") = "DAL.EFCore", "DAL.EFCore\DAL.EFCore.csproj", "{39375F75-D02B-453B-A1A5-D3D844EBA9FE}"
EndProject
Project("{9A19103F-16F7-4668-BE54-9A1E7A4F7556}") = "Domain.OData", "Domain.OData\Domain.OData.csproj", "{D5EC56A8-21AB-464D-BCA5-38F672560207}"
EndProject
Project("{9A19103F-16F7-4668-BE54-9A1E7A4F7556}") = "AutoMapper.AspNetCore.OData.EF6", "AutoMapper.AspNetCore.OData.EF6\AutoMapper.AspNetCore.OData.EF6.csproj", "{7836C0FC-B1FD-44FF-9643-AC0104419A80}"
EndProject
Project("{9A19103F-16F7-4668-BE54-9A1E7A4F7556}") = "WebAPI.OData.EFCore", "WebAPI.OData.EFCore\WebAPI.OData.EFCore.csproj", "{5D285685-62D1-4B1E-B469-18C1715471FF}"
EndProject
Project("{2150E333-8FDC-42A3-9474-1A3956D46DE8}") = "samples", "samples", "{D2A273B8-0229-4121-8189-175960E7749D}"
EndProject
Project("{2150E333-8FDC-42A3-9474-1A3956D46DE8}") = "Solution Items", "Solution Items", "{049EE7D1-4ED4-46F4-945B-709D00C48807}"
	ProjectSection(SolutionItems) = preProject
		.github\workflows\ci.yml = .github\workflows\ci.yml
		Directory.Build.props = Directory.Build.props
		Pack_Push.ps1 = Pack_Push.ps1
		.github\workflows\release.yml = .github\workflows\release.yml
	EndProjectSection
EndProject
Project("{9A19103F-16F7-4668-BE54-9A1E7A4F7556}") = "Web.Tests", "Web.Tests\Web.Tests.csproj", "{98A5BD88-7FCB-4295-B203-51E7FD77CE4F}"
EndProject
Project("{9A19103F-16F7-4668-BE54-9A1E7A4F7556}") = "ExpressionBuilder.Tests", "ExpressionBuilder.Tests\ExpressionBuilder.Tests.csproj", "{64E80DBD-A61B-42A0-A0DB-4F36921EB83B}"
EndProject
Project("{9A19103F-16F7-4668-BE54-9A1E7A4F7556}") = "MigrationTool", "MigrationTool\MigrationTool.csproj", "{13B74DC7-6A33-4F6D-879A-CB5F6FC5D73D}"
EndProject
Project("{9A19103F-16F7-4668-BE54-9A1E7A4F7556}") = "SeedDatabase", "SeedDatabase\SeedDatabase.csproj", "{CE492720-2000-4533-93AF-5AA71A65D305}"
EndProject
Project("{9A19103F-16F7-4668-BE54-9A1E7A4F7556}") = "AutoMapper.OData.EF6.Tests", "AutoMapper.OData.EF6.Tests\AutoMapper.OData.EF6.Tests.csproj", "{BF11CF7F-0424-46F7-A60E-B614525C68C7}"
EndProject
Project("{9A19103F-16F7-4668-BE54-9A1E7A4F7556}") = "WebAPI.OData.EF6", "WebAPI.OData.EF6\WebAPI.OData.EF6.csproj", "{4C069416-CF7B-45C7-8C8F-B3D24DC16D01}"
EndProject
Project("{9A19103F-16F7-4668-BE54-9A1E7A4F7556}") = "DAL.EF6", "DAL.EF6\DAL.EF6.csproj", "{8139DB48-8A96-405A-9B02-44C4AEF79FD0}"
EndProject
Global
	GlobalSection(SolutionConfigurationPlatforms) = preSolution
		Debug|Any CPU = Debug|Any CPU
		Release|Any CPU = Release|Any CPU
	EndGlobalSection
	GlobalSection(ProjectConfigurationPlatforms) = postSolution
		{8E4C661E-C58A-4515-9CBF-F58D9D6E941D}.Debug|Any CPU.ActiveCfg = Debug|Any CPU
		{8E4C661E-C58A-4515-9CBF-F58D9D6E941D}.Debug|Any CPU.Build.0 = Debug|Any CPU
		{8E4C661E-C58A-4515-9CBF-F58D9D6E941D}.Release|Any CPU.ActiveCfg = Release|Any CPU
		{8E4C661E-C58A-4515-9CBF-F58D9D6E941D}.Release|Any CPU.Build.0 = Release|Any CPU
		{D1622176-4A8A-423B-9A74-8AD482659D01}.Debug|Any CPU.ActiveCfg = Debug|Any CPU
		{D1622176-4A8A-423B-9A74-8AD482659D01}.Debug|Any CPU.Build.0 = Debug|Any CPU
		{D1622176-4A8A-423B-9A74-8AD482659D01}.Release|Any CPU.ActiveCfg = Release|Any CPU
		{D1622176-4A8A-423B-9A74-8AD482659D01}.Release|Any CPU.Build.0 = Release|Any CPU
		{39375F75-D02B-453B-A1A5-D3D844EBA9FE}.Debug|Any CPU.ActiveCfg = Debug|Any CPU
		{39375F75-D02B-453B-A1A5-D3D844EBA9FE}.Debug|Any CPU.Build.0 = Debug|Any CPU
		{39375F75-D02B-453B-A1A5-D3D844EBA9FE}.Release|Any CPU.ActiveCfg = Release|Any CPU
		{39375F75-D02B-453B-A1A5-D3D844EBA9FE}.Release|Any CPU.Build.0 = Release|Any CPU
		{D5EC56A8-21AB-464D-BCA5-38F672560207}.Debug|Any CPU.ActiveCfg = Debug|Any CPU
		{D5EC56A8-21AB-464D-BCA5-38F672560207}.Debug|Any CPU.Build.0 = Debug|Any CPU
		{D5EC56A8-21AB-464D-BCA5-38F672560207}.Release|Any CPU.ActiveCfg = Release|Any CPU
		{D5EC56A8-21AB-464D-BCA5-38F672560207}.Release|Any CPU.Build.0 = Release|Any CPU
		{7836C0FC-B1FD-44FF-9643-AC0104419A80}.Debug|Any CPU.ActiveCfg = Debug|Any CPU
		{7836C0FC-B1FD-44FF-9643-AC0104419A80}.Debug|Any CPU.Build.0 = Debug|Any CPU
		{7836C0FC-B1FD-44FF-9643-AC0104419A80}.Release|Any CPU.ActiveCfg = Release|Any CPU
		{7836C0FC-B1FD-44FF-9643-AC0104419A80}.Release|Any CPU.Build.0 = Release|Any CPU
		{5D285685-62D1-4B1E-B469-18C1715471FF}.Debug|Any CPU.ActiveCfg = Debug|Any CPU
		{5D285685-62D1-4B1E-B469-18C1715471FF}.Release|Any CPU.ActiveCfg = Release|Any CPU
		{98A5BD88-7FCB-4295-B203-51E7FD77CE4F}.Debug|Any CPU.ActiveCfg = Debug|Any CPU
		{98A5BD88-7FCB-4295-B203-51E7FD77CE4F}.Release|Any CPU.ActiveCfg = Release|Any CPU
		{64E80DBD-A61B-42A0-A0DB-4F36921EB83B}.Debug|Any CPU.ActiveCfg = Debug|Any CPU
		{64E80DBD-A61B-42A0-A0DB-4F36921EB83B}.Debug|Any CPU.Build.0 = Debug|Any CPU
		{64E80DBD-A61B-42A0-A0DB-4F36921EB83B}.Release|Any CPU.ActiveCfg = Release|Any CPU
		{64E80DBD-A61B-42A0-A0DB-4F36921EB83B}.Release|Any CPU.Build.0 = Release|Any CPU
		{13B74DC7-6A33-4F6D-879A-CB5F6FC5D73D}.Debug|Any CPU.ActiveCfg = Debug|Any CPU
		{13B74DC7-6A33-4F6D-879A-CB5F6FC5D73D}.Debug|Any CPU.Build.0 = Debug|Any CPU
		{13B74DC7-6A33-4F6D-879A-CB5F6FC5D73D}.Release|Any CPU.ActiveCfg = Release|Any CPU
		{13B74DC7-6A33-4F6D-879A-CB5F6FC5D73D}.Release|Any CPU.Build.0 = Release|Any CPU
		{CE492720-2000-4533-93AF-5AA71A65D305}.Debug|Any CPU.ActiveCfg = Debug|Any CPU
		{CE492720-2000-4533-93AF-5AA71A65D305}.Debug|Any CPU.Build.0 = Debug|Any CPU
		{CE492720-2000-4533-93AF-5AA71A65D305}.Release|Any CPU.ActiveCfg = Release|Any CPU
		{CE492720-2000-4533-93AF-5AA71A65D305}.Release|Any CPU.Build.0 = Release|Any CPU
		{BF11CF7F-0424-46F7-A60E-B614525C68C7}.Debug|Any CPU.ActiveCfg = Debug|Any CPU
		{BF11CF7F-0424-46F7-A60E-B614525C68C7}.Debug|Any CPU.Build.0 = Debug|Any CPU
		{BF11CF7F-0424-46F7-A60E-B614525C68C7}.Release|Any CPU.ActiveCfg = Release|Any CPU
		{BF11CF7F-0424-46F7-A60E-B614525C68C7}.Release|Any CPU.Build.0 = Release|Any CPU
		{4C069416-CF7B-45C7-8C8F-B3D24DC16D01}.Debug|Any CPU.ActiveCfg = Debug|Any CPU
		{4C069416-CF7B-45C7-8C8F-B3D24DC16D01}.Release|Any CPU.ActiveCfg = Release|Any CPU
		{8139DB48-8A96-405A-9B02-44C4AEF79FD0}.Debug|Any CPU.ActiveCfg = Debug|Any CPU
		{8139DB48-8A96-405A-9B02-44C4AEF79FD0}.Debug|Any CPU.Build.0 = Debug|Any CPU
		{8139DB48-8A96-405A-9B02-44C4AEF79FD0}.Release|Any CPU.ActiveCfg = Release|Any CPU
		{8139DB48-8A96-405A-9B02-44C4AEF79FD0}.Release|Any CPU.Build.0 = Release|Any CPU
	EndGlobalSection
	GlobalSection(SolutionProperties) = preSolution
		HideSolutionNode = FALSE
	EndGlobalSection
	GlobalSection(NestedProjects) = preSolution
		{8E4C661E-C58A-4515-9CBF-F58D9D6E941D} = {0574DFF6-39C8-43E6-8E91-92D03699BF35}
		{D1622176-4A8A-423B-9A74-8AD482659D01} = {3E35C7A6-722E-46FE-AFE0-2EFDF668DB44}
		{39375F75-D02B-453B-A1A5-D3D844EBA9FE} = {D2A273B8-0229-4121-8189-175960E7749D}
		{D5EC56A8-21AB-464D-BCA5-38F672560207} = {D2A273B8-0229-4121-8189-175960E7749D}
		{7836C0FC-B1FD-44FF-9643-AC0104419A80} = {0574DFF6-39C8-43E6-8E91-92D03699BF35}
		{5D285685-62D1-4B1E-B469-18C1715471FF} = {D2A273B8-0229-4121-8189-175960E7749D}
		{98A5BD88-7FCB-4295-B203-51E7FD77CE4F} = {3E35C7A6-722E-46FE-AFE0-2EFDF668DB44}
		{64E80DBD-A61B-42A0-A0DB-4F36921EB83B} = {3E35C7A6-722E-46FE-AFE0-2EFDF668DB44}
		{13B74DC7-6A33-4F6D-879A-CB5F6FC5D73D} = {D2A273B8-0229-4121-8189-175960E7749D}
		{CE492720-2000-4533-93AF-5AA71A65D305} = {D2A273B8-0229-4121-8189-175960E7749D}
		{BF11CF7F-0424-46F7-A60E-B614525C68C7} = {3E35C7A6-722E-46FE-AFE0-2EFDF668DB44}
		{4C069416-CF7B-45C7-8C8F-B3D24DC16D01} = {D2A273B8-0229-4121-8189-175960E7749D}
		{8139DB48-8A96-405A-9B02-44C4AEF79FD0} = {D2A273B8-0229-4121-8189-175960E7749D}
	EndGlobalSection
	GlobalSection(ExtensibilityGlobals) = postSolution
		SolutionGuid = {8A39B99E-1717-408D-9655-27AFFFB4798C}
	EndGlobalSection
EndGlobal
